// !$*UTF8*$!
{
	archiveVersion = 1;
	classes = {
	};
	objectVersion = 60;
	objects = {

/* Begin PBXBuildFile section */
		9639D6032E18EEE6000861F9 /* AudioKit in Frameworks */ = {isa = PBXBuildFile; productRef = 9639D6022E18EEE6000861F9 /* AudioKit */; };
		9639D6062E18EEFF000861F9 /* AudioKitEX in Frameworks */ = {isa = PBXBuildFile; productRef = 9639D6052E18EEFF000861F9 /* AudioKitEX */; };
		9639D6092E18EFDB000861F9 /* AudioKitEX in Frameworks */ = {isa = PBXBuildFile; productRef = 9639D6082E18EFDB000861F9 /* AudioKitEX */; };
		9639D60C2E18F01A000861F9 /* AudioKitUI in Frameworks */ = {isa = PBXBuildFile; productRef = 9639D60B2E18F01A000861F9 /* AudioKitUI */; };
		9639D60F2E18F035000861F9 /* Controls in Frameworks */ = {isa = PBXBuildFile; productRef = 9639D60E2E18F035000861F9 /* Controls */; };
		9639D6122E18F07F000861F9 /* DunneAudioKit in Frameworks */ = {isa = PBXBuildFile; productRef = 9639D6112E18F07F000861F9 /* DunneAudioKit */; };
		9639D6152E18F094000861F9 /* KissFFT in Frameworks */ = {isa = PBXBuildFile; productRef = 9639D6142E18F094000861F9 /* KissFFT */; };
		9639D6182E18F0AD000861F9 /* Flow in Frameworks */ = {isa = PBXBuildFile; productRef = 9639D6172E18F0AD000861F9 /* Flow */; };
		9639D61B2E18F0E1000861F9 /* Keyboard in Frameworks */ = {isa = PBXBuildFile; productRef = 9639D61A2E18F0E1000861F9 /* Keyboard */; };
		9639D61E2E18F0EE000861F9 /* Tonic in Frameworks */ = {isa = PBXBuildFile; productRef = 9639D61D2E18F0EE000861F9 /* Tonic */; };
		9639D6212E18F1A2000861F9 /* SoundpipeAudioKit in Frameworks */ = {isa = PBXBuildFile; productRef = 9639D6202E18F1A2000861F9 /* SoundpipeAudioKit */; };
		9639D6242E18F1C0000861F9 /* SporthAudioKit in Frameworks */ = {isa = PBXBuildFile; productRef = 9639D6232E18F1C0000861F9 /* SporthAudioKit */; };
		9639D6272E18F1E9000861F9 /* STKAudioKit in Frameworks */ = {isa = PBXBuildFile; productRef = 9639D6262E18F1E9000861F9 /* STKAudioKit */; };
		9639D62A2E18F218000861F9 /* Waveform in Frameworks */ = {isa = PBXBuildFile; productRef = 9639D6292E18F218000861F9 /* Waveform */; };
		9639D62D2E18F22F000861F9 /* DevoloopAudioKit in Frameworks */ = {isa = PBXBuildFile; productRef = 9639D62C2E18F22F000861F9 /* DevoloopAudioKit */; };
		9639D6332E18F275000861F9 /* Microtonality in Frameworks */ = {isa = PBXBuildFile; productRef = 9639D6322E18F275000861F9 /* Microtonality */; };
		9639D6362E18F2CE000861F9 /* PianoRoll in Frameworks */ = {isa = PBXBuildFile; productRef = 9639D6352E18F2CE000861F9 /* PianoRoll */; };
		9639D64C2E18F71E000861F9 /* noise-wht2.wav in Resources */ = {isa = PBXBuildFile; fileRef = 9639D6372E18F71E000861F9 /* noise-wht2.wav */; };
		9639D64D2E18F71E000861F9 /* saw220-ana1.wav in Resources */ = {isa = PBXBuildFile; fileRef = 9639D6382E18F71E000861F9 /* saw220-ana1.wav */; };
		9639D64E2E18F71E000861F9 /* saw220.wav in Resources */ = {isa = PBXBuildFile; fileRef = 9639D6392E18F71E000861F9 /* saw220.wav */; };
		9639D64F2E18F71E000861F9 /* sqr220.wav in Resources */ = {isa = PBXBuildFile; fileRef = 9639D63A2E18F71E000861F9 /* sqr220.wav */; };
		9639D6502E18F71E000861F9 /* drumSimp.exs in Resources */ = {isa = PBXBuildFile; fileRef = 9639D63C2E18F71E000861F9 /* drumSimp.exs */; };
		9639D6512E18F71E000861F9 /* funkyWow.exs in Resources */ = {isa = PBXBuildFile; fileRef = 9639D63D2E18F71E000861F9 /* funkyWow.exs */; };
		9639D6522E18F71E000861F9 /* nes-syn1.exs in Resources */ = {isa = PBXBuildFile; fileRef = 9639D63E2E18F71E000861F9 /* nes-syn1.exs */; };
		9639D6532E18F71E000861F9 /* noisyRez.exs in Resources */ = {isa = PBXBuildFile; fileRef = 9639D63F2E18F71E000861F9 /* noisyRez.exs */; };
		9639D6542E18F71E000861F9 /* sawPad1.exs in Resources */ = {isa = PBXBuildFile; fileRef = 9639D6402E18F71E000861F9 /* sawPad1.exs */; };
		9639D6552E18F71E000861F9 /* sawPiano1.exs in Resources */ = {isa = PBXBuildFile; fileRef = 9639D6412E18F71E000861F9 /* sawPiano1.exs */; };
		9639D6562E18F71E000861F9 /* sqrTone1.exs in Resources */ = {isa = PBXBuildFile; fileRef = 9639D6422E18F71E000861F9 /* sqrTone1.exs */; };
		9639D6572E18F71E000861F9 /* cheeb-bd.wav in Resources */ = {isa = PBXBuildFile; fileRef = 9639D6442E18F71E000861F9 /* cheeb-bd.wav */; };
		9639D6582E18F71E000861F9 /* cheeb-ch.wav in Resources */ = {isa = PBXBuildFile; fileRef = 9639D6452E18F71E000861F9 /* cheeb-ch.wav */; };
		9639D6592E18F71E000861F9 /* cheeb-hat.wav in Resources */ = {isa = PBXBuildFile; fileRef = 9639D6462E18F71E000861F9 /* cheeb-hat.wav */; };
		9639D65A2E18F71E000861F9 /* cheeb-snr.wav in Resources */ = {isa = PBXBuildFile; fileRef = 9639D6472E18F71E000861F9 /* cheeb-snr.wav */; };
		9639D65B2E18F71E000861F9 /* cheeb-stick.wav in Resources */ = {isa = PBXBuildFile; fileRef = 9639D6482E18F71E000861F9 /* cheeb-stick.wav */; };
		9639D65C2E18F71E000861F9 /* closed_hi_hat_F#1.wav in Resources */ = {isa = PBXBuildFile; fileRef = 9639D6492E18F71E000861F9 /* closed_hi_hat_F#1.wav */; };
		9639D65D2E18F71E000861F9 /* sqr.SFZ in Resources */ = {isa = PBXBuildFile; fileRef = 9639D64A2E18F71E000861F9 /* sqr.SFZ */; };
		9639D65F2E18F724000861F9 /* audio3D.scnassets in Resources */ = {isa = PBXBuildFile; fileRef = 9639D65E2E18F724000861F9 /* audio3D.scnassets */; };
		965D48D62E17DF5500DD3C61 /* AppDelegate.swift in Sources */ = {isa = PBXBuildFile; fileRef = 965D48D52E17DF5500DD3C61 /* AppDelegate.swift */; };
		965D48D82E17DF5500DD3C61 /* ViewController.swift in Sources */ = {isa = PBXBuildFile; fileRef = 965D48D72E17DF5500DD3C61 /* ViewController.swift */; };
		965D48DA2E17DF5600DD3C61 /* Assets.xcassets in Resources */ = {isa = PBXBuildFile; fileRef = 965D48D92E17DF5600DD3C61 /* Assets.xcassets */; };
		965D48DD2E17DF5600DD3C61 /* Base in Resources */ = {isa = PBXBuildFile; fileRef = 965D48DC2E17DF5600DD3C61 /* Base */; };
/* End PBXBuildFile section */

/* Begin PBXCopyFilesBuildPhase section */
		9639D4822E18C4D6000861F9 /* Embed Frameworks */ = {
			isa = PBXCopyFilesBuildPhase;
			buildActionMask = 2147483647;
			dstPath = "";
			dstSubfolderSpec = 10;
			files = (
			);
			name = "Embed Frameworks";
			runOnlyForDeploymentPostprocessing = 0;
		};
/* End PBXCopyFilesBuildPhase section */

/* Begin PBXFileReference section */
		9639D6372E18F71E000861F9 /* noise-wht2.wav */ = {isa = PBXFileReference; lastKnownFileType = audio.wav; path = "noise-wht2.wav"; sourceTree = "<group>"; };
		9639D6382E18F71E000861F9 /* saw220-ana1.wav */ = {isa = PBXFileReference; lastKnownFileType = audio.wav; path = "saw220-ana1.wav"; sourceTree = "<group>"; };
		9639D6392E18F71E000861F9 /* saw220.wav */ = {isa = PBXFileReference; lastKnownFileType = audio.wav; path = saw220.wav; sourceTree = "<group>"; };
		9639D63A2E18F71E000861F9 /* sqr220.wav */ = {isa = PBXFileReference; lastKnownFileType = audio.wav; path = sqr220.wav; sourceTree = "<group>"; };
		9639D63C2E18F71E000861F9 /* drumSimp.exs */ = {isa = PBXFileReference; lastKnownFileType = file; path = drumSimp.exs; sourceTree = "<group>"; };
		9639D63D2E18F71E000861F9 /* funkyWow.exs */ = {isa = PBXFileReference; lastKnownFileType = file; path = funkyWow.exs; sourceTree = "<group>"; };
		9639D63E2E18F71E000861F9 /* nes-syn1.exs */ = {isa = PBXFileReference; lastKnownFileType = file; path = "nes-syn1.exs"; sourceTree = "<group>"; };
		9639D63F2E18F71E000861F9 /* noisyRez.exs */ = {isa = PBXFileReference; lastKnownFileType = file; path = noisyRez.exs; sourceTree = "<group>"; };
		9639D6402E18F71E000861F9 /* sawPad1.exs */ = {isa = PBXFileReference; lastKnownFileType = file; path = sawPad1.exs; sourceTree = "<group>"; };
		9639D6412E18F71E000861F9 /* sawPiano1.exs */ = {isa = PBXFileReference; lastKnownFileType = file; path = sawPiano1.exs; sourceTree = "<group>"; };
		9639D6422E18F71E000861F9 /* sqrTone1.exs */ = {isa = PBXFileReference; lastKnownFileType = file; path = sqrTone1.exs; sourceTree = "<group>"; };
		9639D6442E18F71E000861F9 /* cheeb-bd.wav */ = {isa = PBXFileReference; lastKnownFileType = audio.wav; path = "cheeb-bd.wav"; sourceTree = "<group>"; };
		9639D6452E18F71E000861F9 /* cheeb-ch.wav */ = {isa = PBXFileReference; lastKnownFileType = audio.wav; path = "cheeb-ch.wav"; sourceTree = "<group>"; };
		9639D6462E18F71E000861F9 /* cheeb-hat.wav */ = {isa = PBXFileReference; lastKnownFileType = audio.wav; path = "cheeb-hat.wav"; sourceTree = "<group>"; };
		9639D6472E18F71E000861F9 /* cheeb-snr.wav */ = {isa = PBXFileReference; lastKnownFileType = audio.wav; path = "cheeb-snr.wav"; sourceTree = "<group>"; };
		9639D6482E18F71E000861F9 /* cheeb-stick.wav */ = {isa = PBXFileReference; lastKnownFileType = audio.wav; path = "cheeb-stick.wav"; sourceTree = "<group>"; };
		9639D6492E18F71E000861F9 /* closed_hi_hat_F#1.wav */ = {isa = PBXFileReference; lastKnownFileType = audio.wav; path = "closed_hi_hat_F#1.wav"; sourceTree = "<group>"; };
		9639D64A2E18F71E000861F9 /* sqr.SFZ */ = {isa = PBXFileReference; fileEncoding = 4; lastKnownFileType = text; path = sqr.SFZ; sourceTree = "<group>"; };
		9639D65E2E18F724000861F9 /* audio3D.scnassets */ = {isa = PBXFileReference; lastKnownFileType = wrapper.scnassets; path = audio3D.scnassets; sourceTree = "<group>"; };
		965D48D22E17DF5500DD3C61 /* Juce.app */ = {isa = PBXFileReference; explicitFileType = wrapper.application; includeInIndex = 0; path = Juce.app; sourceTree = BUILT_PRODUCTS_DIR; };
		965D48D52E17DF5500DD3C61 /* AppDelegate.swift */ = {isa = PBXFileReference; lastKnownFileType = sourcecode.swift; path = AppDelegate.swift; sourceTree = "<group>"; };
		965D48D72E17DF5500DD3C61 /* ViewController.swift */ = {isa = PBXFileReference; lastKnownFileType = sourcecode.swift; path = ViewController.swift; sourceTree = "<group>"; };
		965D48D92E17DF5600DD3C61 /* Assets.xcassets */ = {isa = PBXFileReference; lastKnownFileType = folder.assetcatalog; path = Assets.xcassets; sourceTree = "<group>"; };
		965D48DC2E17DF5600DD3C61 /* Base */ = {isa = PBXFileReference; lastKnownFileType = file.storyboard; name = Base; path = Base.lproj/Main.storyboard; sourceTree = "<group>"; };
		965D48DE2E17DF5600DD3C61 /* Juce.entitlements */ = {isa = PBXFileReference; lastKnownFileType = text.plist.entitlements; path = Juce.entitlements; sourceTree = "<group>"; };
/* End PBXFileReference section */

/* Begin PBXFrameworksBuildPhase section */
		965D48CF2E17DF5500DD3C61 /* Frameworks */ = {
			isa = PBXFrameworksBuildPhase;
			buildActionMask = 2147483647;
			files = (
				9639D61B2E18F0E1000861F9 /* Keyboard in Frameworks */,
				9639D6092E18EFDB000861F9 /* AudioKitEX in Frameworks */,
				9639D6032E18EEE6000861F9 /* AudioKit in Frameworks */,
				9639D6362E18F2CE000861F9 /* PianoRoll in Frameworks */,
				9639D6332E18F275000861F9 /* Microtonality in Frameworks */,
				9639D60C2E18F01A000861F9 /* AudioKitUI in Frameworks */,
				9639D6242E18F1C0000861F9 /* SporthAudioKit in Frameworks */,
				9639D62A2E18F218000861F9 /* Waveform in Frameworks */,
				9639D6152E18F094000861F9 /* KissFFT in Frameworks */,
				9639D62D2E18F22F000861F9 /* DevoloopAudioKit in Frameworks */,
				9639D6182E18F0AD000861F9 /* Flow in Frameworks */,
				9639D60F2E18F035000861F9 /* Controls in Frameworks */,
				9639D6062E18EEFF000861F9 /* AudioKitEX in Frameworks */,
				9639D61E2E18F0EE000861F9 /* Tonic in Frameworks */,
				9639D6212E18F1A2000861F9 /* SoundpipeAudioKit in Frameworks */,
				9639D6272E18F1E9000861F9 /* STKAudioKit in Frameworks */,
				9639D6122E18F07F000861F9 /* DunneAudioKit in Frameworks */,
			);
			runOnlyForDeploymentPostprocessing = 0;
		};
/* End PBXFrameworksBuildPhase section */

/* Begin PBXGroup section */
		9639D63B2E18F71E000861F9 /* basicSamples */ = {
			isa = PBXGroup;
			children = (
				9639D6372E18F71E000861F9 /* noise-wht2.wav */,
				9639D6382E18F71E000861F9 /* saw220-ana1.wav */,
				9639D6392E18F71E000861F9 /* saw220.wav */,
				9639D63A2E18F71E000861F9 /* sqr220.wav */,
			);
			path = basicSamples;
			sourceTree = "<group>";
		};
		9639D6432E18F71E000861F9 /* Sampler Instruments */ = {
			isa = PBXGroup;
			children = (
				9639D63C2E18F71E000861F9 /* drumSimp.exs */,
				9639D63D2E18F71E000861F9 /* funkyWow.exs */,
				9639D63E2E18F71E000861F9 /* nes-syn1.exs */,
				9639D63F2E18F71E000861F9 /* noisyRez.exs */,
				9639D6402E18F71E000861F9 /* sawPad1.exs */,
				9639D6412E18F71E000861F9 /* sawPiano1.exs */,
				9639D6422E18F71E000861F9 /* sqrTone1.exs */,
			);
			path = "Sampler Instruments";
			sourceTree = "<group>";
		};
		9639D64B2E18F71E000861F9 /* Sounds */ = {
			isa = PBXGroup;
			children = (
				9639D63B2E18F71E000861F9 /* basicSamples */,
				9639D6432E18F71E000861F9 /* Sampler Instruments */,
				9639D6442E18F71E000861F9 /* cheeb-bd.wav */,
				9639D6452E18F71E000861F9 /* cheeb-ch.wav */,
				9639D6462E18F71E000861F9 /* cheeb-hat.wav */,
				9639D6472E18F71E000861F9 /* cheeb-snr.wav */,
				9639D6482E18F71E000861F9 /* cheeb-stick.wav */,
				9639D6492E18F71E000861F9 /* closed_hi_hat_F#1.wav */,
				9639D64A2E18F71E000861F9 /* sqr.SFZ */,
			);
			path = Sounds;
			sourceTree = "<group>";
		};
		965D48C92E17DF5500DD3C61 = {
			isa = PBXGroup;
			children = (
				965D48D42E17DF5500DD3C61 /* Juce */,
				965D48D32E17DF5500DD3C61 /* Products */,
			);
			sourceTree = "<group>";
		};
		965D48D32E17DF5500DD3C61 /* Products */ = {
			isa = PBXGroup;
			children = (
				965D48D22E17DF5500DD3C61 /* Juce.app */,
			);
			name = Products;
			sourceTree = "<group>";
		};
		965D48D42E17DF5500DD3C61 /* Juce */ = {
			isa = PBXGroup;
			children = (
				965D48DE2E17DF5600DD3C61 /* Juce.entitlements */,
				9639D65E2E18F724000861F9 /* audio3D.scnassets */,
				965D48D52E17DF5500DD3C61 /* AppDelegate.swift */,
				965D48D72E17DF5500DD3C61 /* ViewController.swift */,
				965D48D92E17DF5600DD3C61 /* Assets.xcassets */,
				965D48DB2E17DF5600DD3C61 /* Main.storyboard */,
				9639D64B2E18F71E000861F9 /* Sounds */,
			);
			path = Juce;
			sourceTree = "<group>";
		};
/* End PBXGroup section */

/* Begin PBXNativeTarget section */
		965D48D12E17DF5500DD3C61 /* Juce */ = {
			isa = PBXNativeTarget;
			buildConfigurationList = 965D48E12E17DF5600DD3C61 /* Build configuration list for PBXNativeTarget "Juce" */;
			buildPhases = (
				965D48CE2E17DF5500DD3C61 /* Sources */,
				965D48CF2E17DF5500DD3C61 /* Frameworks */,
				965D48D02E17DF5500DD3C61 /* Resources */,
				9639D4822E18C4D6000861F9 /* Embed Frameworks */,
			);
			buildRules = (
			);
			dependencies = (
			);
			name = Juce;
			packageProductDependencies = (
				9639D6022E18EEE6000861F9 /* AudioKit */,
				9639D6052E18EEFF000861F9 /* AudioKitEX */,
				9639D6082E18EFDB000861F9 /* AudioKitEX */,
				9639D60B2E18F01A000861F9 /* AudioKitUI */,
				9639D60E2E18F035000861F9 /* Controls */,
				9639D6112E18F07F000861F9 /* DunneAudioKit */,
				9639D6142E18F094000861F9 /* KissFFT */,
				9639D6172E18F0AD000861F9 /* Flow */,
				9639D61A2E18F0E1000861F9 /* Keyboard */,
				9639D61D2E18F0EE000861F9 /* Tonic */,
				9639D6202E18F1A2000861F9 /* SoundpipeAudioKit */,
				9639D6232E18F1C0000861F9 /* SporthAudioKit */,
				9639D6262E18F1E9000861F9 /* STKAudioKit */,
				9639D6292E18F218000861F9 /* Waveform */,
				9639D62C2E18F22F000861F9 /* DevoloopAudioKit */,
				9639D6322E18F275000861F9 /* Microtonality */,
				9639D6352E18F2CE000861F9 /* PianoRoll */,
			);
			productName = Juce;
			productReference = 965D48D22E17DF5500DD3C61 /* Juce.app */;
			productType = "com.apple.product-type.application";
		};
/* End PBXNativeTarget section */

/* Begin PBXProject section */
		965D48CA2E17DF5500DD3C61 /* Project object */ = {
			isa = PBXProject;
			attributes = {
				BuildIndependentTargetsInParallel = 1;
				LastSwiftUpdateCheck = 1540;
				LastUpgradeCheck = 1540;
				TargetAttributes = {
					965D48D12E17DF5500DD3C61 = {
						CreatedOnToolsVersion = 15.4;
					};
				};
			};
			buildConfigurationList = 965D48CD2E17DF5500DD3C61 /* Build configuration list for PBXProject "Juce" */;
			compatibilityVersion = "Xcode 14.0";
			developmentRegion = en;
			hasScannedForEncodings = 0;
			knownRegions = (
				en,
				Base,
			);
			mainGroup = 965D48C92E17DF5500DD3C61;
			packageReferences = (
				9639D6012E18EEE6000861F9 /* XCLocalSwiftPackageReference "package/AudioKit" */,
				9639D6072E18EFDB000861F9 /* XCLocalSwiftPackageReference "package/AudioKitEX" */,
				9639D60A2E18F01A000861F9 /* XCLocalSwiftPackageReference "package/AudioKitUI" */,
				9639D60D2E18F035000861F9 /* XCLocalSwiftPackageReference "package/Controls" */,
				9639D6102E18F07F000861F9 /* XCLocalSwiftPackageReference "package/DunneAudioKit" */,
				9639D6132E18F094000861F9 /* XCLocalSwiftPackageReference "package/KissFFT" */,
				9639D6162E18F0AD000861F9 /* XCLocalSwiftPackageReference "package/Flow" */,
				9639D6192E18F0E1000861F9 /* XCLocalSwiftPackageReference "package/Keyboard" */,
				9639D61C2E18F0EE000861F9 /* XCLocalSwiftPackageReference "package/Tonic" */,
				9639D61F2E18F1A2000861F9 /* XCLocalSwiftPackageReference "package/SoundpipeAudioKit" */,
				9639D6222E18F1C0000861F9 /* XCLocalSwiftPackageReference "package/SporthAudioKit" */,
				9639D6252E18F1E9000861F9 /* XCLocalSwiftPackageReference "package/STKAudioKit" */,
				9639D6282E18F218000861F9 /* XCLocalSwiftPackageReference "package/Waveform" */,
				9639D62B2E18F22F000861F9 /* XCLocalSwiftPackageReference "package/DevoloopAudioKit" */,
				9639D6312E18F275000861F9 /* XCLocalSwiftPackageReference "package/Microtonality" */,
				9639D6342E18F2CE000861F9 /* XCLocalSwiftPackageReference "package/PianoRoll" */,
			);
			productRefGroup = 965D48D32E17DF5500DD3C61 /* Products */;
			projectDirPath = "";
			projectRoot = "";
			targets = (
				965D48D12E17DF5500DD3C61 /* Juce */,
			);
		};
/* End PBXProject section */

/* Begin PBXResourcesBuildPhase section */
		965D48D02E17DF5500DD3C61 /* Resources */ = {
			isa = PBXResourcesBuildPhase;
			buildActionMask = 2147483647;
			files = (
				9639D6522E18F71E000861F9 /* nes-syn1.exs in Resources */,
				9639D65B2E18F71E000861F9 /* cheeb-stick.wav in Resources */,
				9639D6532E18F71E000861F9 /* noisyRez.exs in Resources */,
				9639D65F2E18F724000861F9 /* audio3D.scnassets in Resources */,
				9639D6552E18F71E000861F9 /* sawPiano1.exs in Resources */,
				9639D64F2E18F71E000861F9 /* sqr220.wav in Resources */,
				9639D65A2E18F71E000861F9 /* cheeb-snr.wav in Resources */,
				9639D64D2E18F71E000861F9 /* saw220-ana1.wav in Resources */,
				9639D6502E18F71E000861F9 /* drumSimp.exs in Resources */,
				965D48DA2E17DF5600DD3C61 /* Assets.xcassets in Resources */,
				9639D6512E18F71E000861F9 /* funkyWow.exs in Resources */,
				9639D65D2E18F71E000861F9 /* sqr.SFZ in Resources */,
				9639D64C2E18F71E000861F9 /* noise-wht2.wav in Resources */,
				9639D65C2E18F71E000861F9 /* closed_hi_hat_F#1.wav in Resources */,
				9639D6562E18F71E000861F9 /* sqrTone1.exs in Resources */,
				9639D6592E18F71E000861F9 /* cheeb-hat.wav in Resources */,
				9639D6582E18F71E000861F9 /* cheeb-ch.wav in Resources */,
				965D48DD2E17DF5600DD3C61 /* Base in Resources */,
				9639D6542E18F71E000861F9 /* sawPad1.exs in Resources */,
				9639D6572E18F71E000861F9 /* cheeb-bd.wav in Resources */,
				9639D64E2E18F71E000861F9 /* saw220.wav in Resources */,
			);
			runOnlyForDeploymentPostprocessing = 0;
		};
/* End PBXResourcesBuildPhase section */

/* Begin PBXSourcesBuildPhase section */
		965D48CE2E17DF5500DD3C61 /* Sources */ = {
			isa = PBXSourcesBuildPhase;
			buildActionMask = 2147483647;
			files = (
				965D48D82E17DF5500DD3C61 /* ViewController.swift in Sources */,
				965D48D62E17DF5500DD3C61 /* AppDelegate.swift in Sources */,
			);
			runOnlyForDeploymentPostprocessing = 0;
		};
/* End PBXSourcesBuildPhase section */

/* Begin PBXVariantGroup section */
		965D48DB2E17DF5600DD3C61 /* Main.storyboard */ = {
			isa = PBXVariantGroup;
			children = (
				965D48DC2E17DF5600DD3C61 /* Base */,
			);
			name = Main.storyboard;
			sourceTree = "<group>";
		};
/* End PBXVariantGroup section */

/* Begin XCBuildConfiguration section */
		965D48DF2E17DF5600DD3C61 /* Debug */ = {
			isa = XCBuildConfiguration;
			buildSettings = {
				ALWAYS_SEARCH_USER_PATHS = NO;
				ASSETCATALOG_COMPILER_GENERATE_SWIFT_ASSET_SYMBOL_EXTENSIONS = YES;
				CLANG_ANALYZER_NONNULL = YES;
				CLANG_ANALYZER_NUMBER_OBJECT_CONVERSION = YES_AGGRESSIVE;
				CLANG_CXX_LANGUAGE_STANDARD = "gnu++20";
				CLANG_ENABLE_MODULES = YES;
				CLANG_ENABLE_OBJC_ARC = YES;
				CLANG_ENABLE_OBJC_WEAK = YES;
				CLANG_WARN_BLOCK_CAPTURE_AUTORELEASING = YES;
				CLANG_WARN_BOOL_CONVERSION = YES;
				CLANG_WARN_COMMA = YES;
				CLANG_WARN_CONSTANT_CONVERSION = YES;
				CLANG_WARN_DEPRECATED_OBJC_IMPLEMENTATIONS = YES;
				CLANG_WARN_DIRECT_OBJC_ISA_USAGE = YES_ERROR;
				CLANG_WARN_DOCUMENTATION_COMMENTS = YES;
				CLANG_WARN_EMPTY_BODY = YES;
				CLANG_WARN_ENUM_CONVERSION = YES;
				CLANG_WARN_INFINITE_RECURSION = YES;
				CLANG_WARN_INT_CONVERSION = YES;
				CLANG_WARN_NON_LITERAL_NULL_CONVERSION = YES;
				CLANG_WARN_OBJC_IMPLICIT_RETAIN_SELF = YES;
				CLANG_WARN_OBJC_LITERAL_CONVERSION = YES;
				CLANG_WARN_OBJC_ROOT_CLASS = YES_ERROR;
				CLANG_WARN_QUOTED_INCLUDE_IN_FRAMEWORK_HEADER = YES;
				CLANG_WARN_RANGE_LOOP_ANALYSIS = YES;
				CLANG_WARN_STRICT_PROTOTYPES = YES;
				CLANG_WARN_SUSPICIOUS_MOVE = YES;
				CLANG_WARN_UNGUARDED_AVAILABILITY = YES_AGGRESSIVE;
				CLANG_WARN_UNREACHABLE_CODE = YES;
				CLANG_WARN__DUPLICATE_METHOD_MATCH = YES;
				COPY_PHASE_STRIP = NO;
				DEBUG_INFORMATION_FORMAT = dwarf;
				ENABLE_STRICT_OBJC_MSGSEND = YES;
				ENABLE_TESTABILITY = YES;
				ENABLE_USER_SCRIPT_SANDBOXING = YES;
				GCC_C_LANGUAGE_STANDARD = gnu17;
				GCC_DYNAMIC_NO_PIC = NO;
				GCC_NO_COMMON_BLOCKS = YES;
				GCC_OPTIMIZATION_LEVEL = 0;
				GCC_PREPROCESSOR_DEFINITIONS = (
					"DEBUG=1",
					"$(inherited)",
				);
				GCC_WARN_64_TO_32_BIT_CONVERSION = YES;
				GCC_WARN_ABOUT_RETURN_TYPE = YES_ERROR;
				GCC_WARN_UNDECLARED_SELECTOR = YES;
				GCC_WARN_UNINITIALIZED_AUTOS = YES_AGGRESSIVE;
				GCC_WARN_UNUSED_FUNCTION = YES;
				GCC_WARN_UNUSED_VARIABLE = YES;
				LOCALIZATION_PREFERS_STRING_CATALOGS = YES;
				MACOSX_DEPLOYMENT_TARGET = 14.3;
				MTL_ENABLE_DEBUG_INFO = INCLUDE_SOURCE;
				MTL_FAST_MATH = YES;
				ONLY_ACTIVE_ARCH = YES;
				SDKROOT = macosx;
				SWIFT_ACTIVE_COMPILATION_CONDITIONS = "DEBUG $(inherited)";
				SWIFT_OPTIMIZATION_LEVEL = "-Onone";
			};
			name = Debug;
		};
		965D48E02E17DF5600DD3C61 /* Release */ = {
			isa = XCBuildConfiguration;
			buildSettings = {
				ALWAYS_SEARCH_USER_PATHS = NO;
				ASSETCATALOG_COMPILER_GENERATE_SWIFT_ASSET_SYMBOL_EXTENSIONS = YES;
				CLANG_ANALYZER_NONNULL = YES;
				CLANG_ANALYZER_NUMBER_OBJECT_CONVERSION = YES_AGGRESSIVE;
				CLANG_CXX_LANGUAGE_STANDARD = "gnu++20";
				CLANG_ENABLE_MODULES = YES;
				CLANG_ENABLE_OBJC_ARC = YES;
				CLANG_ENABLE_OBJC_WEAK = YES;
				CLANG_WARN_BLOCK_CAPTURE_AUTORELEASING = YES;
				CLANG_WARN_BOOL_CONVERSION = YES;
				CLANG_WARN_COMMA = YES;
				CLANG_WARN_CONSTANT_CONVERSION = YES;
				CLANG_WARN_DEPRECATED_OBJC_IMPLEMENTATIONS = YES;
				CLANG_WARN_DIRECT_OBJC_ISA_USAGE = YES_ERROR;
				CLANG_WARN_DOCUMENTATION_COMMENTS = YES;
				CLANG_WARN_EMPTY_BODY = YES;
				CLANG_WARN_ENUM_CONVERSION = YES;
				CLANG_WARN_INFINITE_RECURSION = YES;
				CLANG_WARN_INT_CONVERSION = YES;
				CLANG_WARN_NON_LITERAL_NULL_CONVERSION = YES;
				CLANG_WARN_OBJC_IMPLICIT_RETAIN_SELF = YES;
				CLANG_WARN_OBJC_LITERAL_CONVERSION = YES;
				CLANG_WARN_OBJC_ROOT_CLASS = YES_ERROR;
				CLANG_WARN_QUOTED_INCLUDE_IN_FRAMEWORK_HEADER = YES;
				CLANG_WARN_RANGE_LOOP_ANALYSIS = YES;
				CLANG_WARN_STRICT_PROTOTYPES = YES;
				CLANG_WARN_SUSPICIOUS_MOVE = YES;
				CLANG_WARN_UNGUARDED_AVAILABILITY = YES_AGGRESSIVE;
				CLANG_WARN_UNREACHABLE_CODE = YES;
				CLANG_WARN__DUPLICATE_METHOD_MATCH = YES;
				COPY_PHASE_STRIP = NO;
				DEBUG_INFORMATION_FORMAT = "dwarf-with-dsym";
				ENABLE_NS_ASSERTIONS = NO;
				ENABLE_STRICT_OBJC_MSGSEND = YES;
				ENABLE_USER_SCRIPT_SANDBOXING = YES;
				GCC_C_LANGUAGE_STANDARD = gnu17;
				GCC_NO_COMMON_BLOCKS = YES;
				GCC_WARN_64_TO_32_BIT_CONVERSION = YES;
				GCC_WARN_ABOUT_RETURN_TYPE = YES_ERROR;
				GCC_WARN_UNDECLARED_SELECTOR = YES;
				GCC_WARN_UNINITIALIZED_AUTOS = YES_AGGRESSIVE;
				GCC_WARN_UNUSED_FUNCTION = YES;
				GCC_WARN_UNUSED_VARIABLE = YES;
				LOCALIZATION_PREFERS_STRING_CATALOGS = YES;
				MACOSX_DEPLOYMENT_TARGET = 14.3;
				MTL_ENABLE_DEBUG_INFO = NO;
				MTL_FAST_MATH = YES;
				SDKROOT = macosx;
				SWIFT_COMPILATION_MODE = wholemodule;
			};
			name = Release;
		};
		965D48E22E17DF5600DD3C61 /* Debug */ = {
			isa = XCBuildConfiguration;
			buildSettings = {
				ASSETCATALOG_COMPILER_APPICON_NAME = AppIcon;
				ASSETCATALOG_COMPILER_GLOBAL_ACCENT_COLOR_NAME = AccentColor;
				CODE_SIGN_ENTITLEMENTS = Juce/Juce.entitlements;
				CODE_SIGN_STYLE = Automatic;
				COMBINE_HIDPI_IMAGES = YES;
				CURRENT_PROJECT_VERSION = 1;
				DEVELOPMENT_TEAM = HXAGUHJB6V;
				ENABLE_HARDENED_RUNTIME = YES;
				FRAMEWORK_SEARCH_PATHS = (
					"$(inherited)",
					"$(PROJECT_DIR)/Juce",
				);
				GENERATE_INFOPLIST_FILE = YES;
				INFOPLIST_KEY_NSHumanReadableCopyright = "";
				INFOPLIST_KEY_NSMainStoryboardFile = Main;
				INFOPLIST_KEY_NSPrincipalClass = NSApplication;
				LD_RUNPATH_SEARCH_PATHS = (
					"$(inherited)",
					"@executable_path/../Frameworks",
				);
				MARKETING_VERSION = 1.0;
				PRODUCT_BUNDLE_IDENTIFIER = com.juce.Juce;
				PRODUCT_NAME = "$(TARGET_NAME)";
				SWIFT_EMIT_LOC_STRINGS = YES;
				SWIFT_VERSION = 5.0;
			};
			name = Debug;
		};
		965D48E32E17DF5600DD3C61 /* Release */ = {
			isa = XCBuildConfiguration;
			buildSettings = {
				ASSETCATALOG_COMPILER_APPICON_NAME = AppIcon;
				ASSETCATALOG_COMPILER_GLOBAL_ACCENT_COLOR_NAME = AccentColor;
				CODE_SIGN_ENTITLEMENTS = Juce/Juce.entitlements;
				CODE_SIGN_STYLE = Automatic;
				COMBINE_HIDPI_IMAGES = YES;
				CURRENT_PROJECT_VERSION = 1;
				DEVELOPMENT_TEAM = HXAGUHJB6V;
				ENABLE_HARDENED_RUNTIME = YES;
				FRAMEWORK_SEARCH_PATHS = (
					"$(inherited)",
					"$(PROJECT_DIR)/Juce",
				);
				GENERATE_INFOPLIST_FILE = YES;
				INFOPLIST_KEY_NSHumanReadableCopyright = "";
				INFOPLIST_KEY_NSMainStoryboardFile = Main;
				INFOPLIST_KEY_NSPrincipalClass = NSApplication;
				LD_RUNPATH_SEARCH_PATHS = (
					"$(inherited)",
					"@executable_path/../Frameworks",
				);
				MARKETING_VERSION = 1.0;
				PRODUCT_BUNDLE_IDENTIFIER = com.juce.Juce;
				PRODUCT_NAME = "$(TARGET_NAME)";
				SWIFT_EMIT_LOC_STRINGS = YES;
				SWIFT_VERSION = 5.0;
			};
			name = Release;
		};
/* End XCBuildConfiguration section */

/* Begin XCConfigurationList section */
		965D48CD2E17DF5500DD3C61 /* Build configuration list for PBXProject "Juce" */ = {
			isa = XCConfigurationList;
			buildConfigurations = (
				965D48DF2E17DF5600DD3C61 /* Debug */,
				965D48E02E17DF5600DD3C61 /* Release */,
			);
			defaultConfigurationIsVisible = 0;
			defaultConfigurationName = Release;
		};
		965D48E12E17DF5600DD3C61 /* Build configuration list for PBXNativeTarget "Juce" */ = {
			isa = XCConfigurationList;
			buildConfigurations = (
				965D48E22E17DF5600DD3C61 /* Debug */,
				965D48E32E17DF5600DD3C61 /* Release */,
			);
			defaultConfigurationIsVisible = 0;
			defaultConfigurationName = Release;
		};
/* End XCConfigurationList section */

/* Begin XCLocalSwiftPackageReference section */
		9639D6012E18EEE6000861F9 /* XCLocalSwiftPackageReference "package/AudioKit" */ = {
			isa = XCLocalSwiftPackageReference;
			relativePath = package/AudioKit;
		};
		9639D6072E18EFDB000861F9 /* XCLocalSwiftPackageReference "package/AudioKitEX" */ = {
			isa = XCLocalSwiftPackageReference;
			relativePath = package/AudioKitEX;
		};
		9639D60A2E18F01A000861F9 /* XCLocalSwiftPackageReference "package/AudioKitUI" */ = {
			isa = XCLocalSwiftPackageReference;
			relativePath = package/AudioKitUI;
		};
		9639D60D2E18F035000861F9 /* XCLocalSwiftPackageReference "package/Controls" */ = {
			isa = XCLocalSwiftPackageReference;
			relativePath = package/Controls;
		};
		9639D6102E18F07F000861F9 /* XCLocalSwiftPackageReference "package/DunneAudioKit" */ = {
			isa = XCLocalSwiftPackageReference;
			relativePath = package/DunneAudioKit;
		};
		9639D6132E18F094000861F9 /* XCLocalSwiftPackageReference "package/KissFFT" */ = {
			isa = XCLocalSwiftPackageReference;
			relativePath = package/KissFFT;
		};
		9639D6162E18F0AD000861F9 /* XCLocalSwiftPackageReference "package/Flow" */ = {
			isa = XCLocalSwiftPackageReference;
			relativePath = package/Flow;
		};
		9639D6192E18F0E1000861F9 /* XCLocalSwiftPackageReference "package/Keyboard" */ = {
			isa = XCLocalSwiftPackageReference;
			relativePath = package/Keyboard;
		};
		9639D61C2E18F0EE000861F9 /* XCLocalSwiftPackageReference "package/Tonic" */ = {
			isa = XCLocalSwiftPackageReference;
			relativePath = package/Tonic;
		};
		9639D61F2E18F1A2000861F9 /* XCLocalSwiftPackageReference "package/SoundpipeAudioKit" */ = {
			isa = XCLocalSwiftPackageReference;
			relativePath = package/SoundpipeAudioKit;
		};
		9639D6222E18F1C0000861F9 /* XCLocalSwiftPackageReference "package/SporthAudioKit" */ = {
			isa = XCLocalSwiftPackageReference;
			relativePath = package/SporthAudioKit;
		};
		9639D6252E18F1E9000861F9 /* XCLocalSwiftPackageReference "package/STKAudioKit" */ = {
			isa = XCLocalSwiftPackageReference;
			relativePath = package/STKAudioKit;
		};
		9639D6282E18F218000861F9 /* XCLocalSwiftPackageReference "package/Waveform" */ = {
			isa = XCLocalSwiftPackageReference;
			relativePath = package/Waveform;
		};
		9639D62B2E18F22F000861F9 /* XCLocalSwiftPackageReference "package/DevoloopAudioKit" */ = {
			isa = XCLocalSwiftPackageReference;
			relativePath = package/DevoloopAudioKit;
		};
		9639D6312E18F275000861F9 /* XCLocalSwiftPackageReference "package/Microtonality" */ = {
			isa = XCLocalSwiftPackageReference;
			relativePath = package/Microtonality;
		};
		9639D6342E18F2CE000861F9 /* XCLocalSwiftPackageReference "package/PianoRoll" */ = {
			isa = XCLocalSwiftPackageReference;
			relativePath = package/PianoRoll;
		};
/* End XCLocalSwiftPackageReference section */

/* Begin XCSwiftPackageProductDependency section */
		9639D6022E18EEE6000861F9 /* AudioKit */ = {
			isa = XCSwiftPackageProductDependency;
			productName = AudioKit;
		};
		9639D6052E18EEFF000861F9 /* AudioKitEX */ = {
			isa = XCSwiftPackageProductDependency;
			productName = AudioKitEX;
		};
		9639D6082E18EFDB000861F9 /* AudioKitEX */ = {
			isa = XCSwiftPackageProductDependency;
			productName = AudioKitEX;
		};
		9639D60B2E18F01A000861F9 /* AudioKitUI */ = {
			isa = XCSwiftPackageProductDependency;
			productName = AudioKitUI;
		};
		9639D60E2E18F035000861F9 /* Controls */ = {
			isa = XCSwiftPackageProductDependency;
			productName = Controls;
		};
		9639D6112E18F07F000861F9 /* DunneAudioKit */ = {
			isa = XCSwiftPackageProductDependency;
			productName = DunneAudioKit;
		};
		9639D6142E18F094000861F9 /* KissFFT */ = {
			isa = XCSwiftPackageProductDependency;
			productName = KissFFT;
		};
		9639D6172E18F0AD000861F9 /* Flow */ = {
			isa = XCSwiftPackageProductDependency;
			productName = Flow;
		};
		9639D61A2E18F0E1000861F9 /* Keyboard */ = {
			isa = XCSwiftPackageProductDependency;
			productName = Keyboard;
		};
		9639D61D2E18F0EE000861F9 /* Tonic */ = {
			isa = XCSwiftPackageProductDependency;
			productName = Tonic;
		};
		9639D6202E18F1A2000861F9 /* SoundpipeAudioKit */ = {
			isa = XCSwiftPackageProductDependency;
			productName = SoundpipeAudioKit;
		};
		9639D6232E18F1C0000861F9 /* SporthAudioKit */ = {
			isa = XCSwiftPackageProductDependency;
			productName = SporthAudioKit;
		};
		9639D6262E18F1E9000861F9 /* STKAudioKit */ = {
			isa = XCSwiftPackageProductDependency;
			productName = STKAudioKit;
		};
		9639D6292E18F218000861F9 /* Waveform */ = {
			isa = XCSwiftPackageProductDependency;
			productName = Waveform;
		};
		9639D62C2E18F22F000861F9 /* DevoloopAudioKit */ = {
			isa = XCSwiftPackageProductDependency;
			productName = DevoloopAudioKit;
		};
		9639D6322E18F275000861F9 /* Microtonality */ = {
			isa = XCSwiftPackageProductDependency;
			productName = Microtonality;
		};
		9639D6352E18F2CE000861F9 /* PianoRoll */ = {
			isa = XCSwiftPackageProductDependency;
			productName = PianoRoll;
		};
/* End XCSwiftPackageProductDependency section */
	};
	rootObject = 965D48CA2E17DF5500DD3C61 /* Project object */;
}
